// !$*UTF8*$!
{
	archiveVersion = 1;
	classes = {
	};
	objectVersion = 46;
	objects = {

/* Begin PBXBuildFile section */
		D6A9A4831636893D009AC6AE /* UIKit.framework in Frameworks */ = {isa = PBXBuildFile; fileRef = D6A9A4821636893D009AC6AE /* UIKit.framework */; };
		D6A9A4851636893D009AC6AE /* Foundation.framework in Frameworks */ = {isa = PBXBuildFile; fileRef = D6A9A4841636893D009AC6AE /* Foundation.framework */; };
		D6A9A4871636893D009AC6AE /* CoreGraphics.framework in Frameworks */ = {isa = PBXBuildFile; fileRef = D6A9A4861636893D009AC6AE /* CoreGraphics.framework */; };
		D6A9A48D1636893D009AC6AE /* InfoPlist.strings in Resources */ = {isa = PBXBuildFile; fileRef = D6A9A48B1636893D009AC6AE /* InfoPlist.strings */; };
		D6A9A48F1636893D009AC6AE /* main.m in Sources */ = {isa = PBXBuildFile; fileRef = D6A9A48E1636893D009AC6AE /* main.m */; };
		D6A9A4931636893D009AC6AE /* AppDelegate.m in Sources */ = {isa = PBXBuildFile; fileRef = D6A9A4921636893D009AC6AE /* AppDelegate.m */; };
		D6A9A4951636893D009AC6AE /* Default.png in Resources */ = {isa = PBXBuildFile; fileRef = D6A9A4941636893D009AC6AE /* Default.png */; };
		D6A9A4971636893D009AC6AE /* Default@2x.png in Resources */ = {isa = PBXBuildFile; fileRef = D6A9A4961636893D009AC6AE /* Default@2x.png */; };
		D6A9A4991636893D009AC6AE /* Default-568h@2x.png in Resources */ = {isa = PBXBuildFile; fileRef = D6A9A4981636893D009AC6AE /* Default-568h@2x.png */; };
		D6A9A49C1636893D009AC6AE /* ViewController.m in Sources */ = {isa = PBXBuildFile; fileRef = D6A9A49B1636893D009AC6AE /* ViewController.m */; };
		D6A9A49F1636893D009AC6AE /* ViewController.xib in Resources */ = {isa = PBXBuildFile; fileRef = D6A9A49D1636893D009AC6AE /* ViewController.xib */; };
/* End PBXBuildFile section */

/* Begin PBXFileReference section */
		D6A9A47E1636893D009AC6AE /* Week_1_Practice.app */ = {isa = PBXFileReference; explicitFileType = wrapper.application; includeInIndex = 0; path = Week_1_Practice.app; sourceTree = BUILT_PRODUCTS_DIR; };
		D6A9A4821636893D009AC6AE /* UIKit.framework */ = {isa = PBXFileReference; lastKnownFileType = wrapper.framework; name = UIKit.framework; path = System/Library/Frameworks/UIKit.framework; sourceTree = SDKROOT; };
		D6A9A4841636893D009AC6AE /* Foundation.framework */ = {isa = PBXFileReference; lastKnownFileType = wrapper.framework; name = Foundation.framework; path = System/Library/Frameworks/Foundation.framework; sourceTree = SDKROOT; };
		D6A9A4861636893D009AC6AE /* CoreGraphics.framework */ = {isa = PBXFileReference; lastKnownFileType = wrapper.framework; name = CoreGraphics.framework; path = System/Library/Frameworks/CoreGraphics.framework; sourceTree = SDKROOT; };
		D6A9A48A1636893D009AC6AE /* Week_1_Practice-Info.plist */ = {isa = PBXFileReference; lastKnownFileType = text.plist.xml; path = "Week_1_Practice-Info.plist"; sourceTree = "<group>"; };
		D6A9A48C1636893D009AC6AE /* en */ = {isa = PBXFileReference; lastKnownFileType = text.plist.strings; name = en; path = en.lproj/InfoPlist.strings; sourceTree = "<group>"; };
		D6A9A48E1636893D009AC6AE /* main.m */ = {isa = PBXFileReference; lastKnownFileType = sourcecode.c.objc; path = main.m; sourceTree = "<group>"; };
		D6A9A4901636893D009AC6AE /* Week_1_Practice-Prefix.pch */ = {isa = PBXFileReference; lastKnownFileType = sourcecode.c.h; path = "Week_1_Practice-Prefix.pch"; sourceTree = "<group>"; };
		D6A9A4911636893D009AC6AE /* AppDelegate.h */ = {isa = PBXFileReference; lastKnownFileType = sourcecode.c.h; path = AppDelegate.h; sourceTree = "<group>"; };
		D6A9A4921636893D009AC6AE /* AppDelegate.m */ = {isa = PBXFileReference; lastKnownFileType = sourcecode.c.objc; path = AppDelegate.m; sourceTree = "<group>"; };
		D6A9A4941636893D009AC6AE /* Default.png */ = {isa = PBXFileReference; lastKnownFileType = image.png; path = Default.png; sourceTree = "<group>"; };
		D6A9A4961636893D009AC6AE /* Default@2x.png */ = {isa = PBXFileReference; lastKnownFileType = image.png; path = "Default@2x.png"; sourceTree = "<group>"; };
		D6A9A4981636893D009AC6AE /* Default-568h@2x.png */ = {isa = PBXFileReference; lastKnownFileType = image.png; path = "Default-568h@2x.png"; sourceTree = "<group>"; };
		D6A9A49A1636893D009AC6AE /* ViewController.h */ = {isa = PBXFileReference; lastKnownFileType = sourcecode.c.h; path = ViewController.h; sourceTree = "<group>"; };
		D6A9A49B1636893D009AC6AE /* ViewController.m */ = {isa = PBXFileReference; lastKnownFileType = sourcecode.c.objc; path = ViewController.m; sourceTree = "<group>"; };
		D6A9A49E1636893D009AC6AE /* en */ = {isa = PBXFileReference; lastKnownFileType = file.xib; name = en; path = en.lproj/ViewController.xib; sourceTree = "<group>"; };
/* End PBXFileReference section */

/* Begin PBXFrameworksBuildPhase section */
		D6A9A47B1636893D009AC6AE /* Frameworks */ = {
			isa = PBXFrameworksBuildPhase;
			buildActionMask = 2147483647;
			files = (
				D6A9A4831636893D009AC6AE /* UIKit.framework in Frameworks */,
				D6A9A4851636893D009AC6AE /* Foundation.framework in Frameworks */,
				D6A9A4871636893D009AC6AE /* CoreGraphics.framework in Frameworks */,
			);
			runOnlyForDeploymentPostprocessing = 0;
		};
/* End PBXFrameworksBuildPhase section */

/* Begin PBXGroup section */
		D6A9A4731636893D009AC6AE = {
			isa = PBXGroup;
			children = (
				D6A9A4881636893D009AC6AE /* Week_1_Practice */,
				D6A9A4811636893D009AC6AE /* Frameworks */,
				D6A9A47F1636893D009AC6AE /* Products */,
			);
			sourceTree = "<group>";
		};
		D6A9A47F1636893D009AC6AE /* Products */ = {
			isa = PBXGroup;
			children = (
				D6A9A47E1636893D009AC6AE /* Week_1_Practice.app */,
			);
			name = Products;
			sourceTree = "<group>";
		};
		D6A9A4811636893D009AC6AE /* Frameworks */ = {
			isa = PBXGroup;
			children = (
				D6A9A4821636893D009AC6AE /* UIKit.framework */,
				D6A9A4841636893D009AC6AE /* Foundation.framework */,
				D6A9A4861636893D009AC6AE /* CoreGraphics.framework */,
			);
			name = Frameworks;
			sourceTree = "<group>";
		};
		D6A9A4881636893D009AC6AE /* Week_1_Practice */ = {
			isa = PBXGroup;
			children = (
				D6A9A4911636893D009AC6AE /* AppDelegate.h */,
				D6A9A4921636893D009AC6AE /* AppDelegate.m */,
				D6A9A49A1636893D009AC6AE /* ViewController.h */,
				D6A9A49B1636893D009AC6AE /* ViewController.m */,
				D6A9A49D1636893D009AC6AE /* ViewController.xib */,
				D6A9A4891636893D009AC6AE /* Supporting Files */,
			);
			path = Week_1_Practice;
			sourceTree = "<group>";
		};
		D6A9A4891636893D009AC6AE /* Supporting Files */ = {
			isa = PBXGroup;
			children = (
				D6A9A48A1636893D009AC6AE /* Week_1_Practice-Info.plist */,
				D6A9A48B1636893D009AC6AE /* InfoPlist.strings */,
				D6A9A48E1636893D009AC6AE /* main.m */,
				D6A9A4901636893D009AC6AE /* Week_1_Practice-Prefix.pch */,
				D6A9A4941636893D009AC6AE /* Default.png */,
				D6A9A4961636893D009AC6AE /* Default@2x.png */,
				D6A9A4981636893D009AC6AE /* Default-568h@2x.png */,
			);
			name = "Supporting Files";
			sourceTree = "<group>";
		};
/* End PBXGroup section */

/* Begin PBXNativeTarget section */
		D6A9A47D1636893D009AC6AE /* Week_1_Practice */ = {
			isa = PBXNativeTarget;
			buildConfigurationList = D6A9A4A21636893D009AC6AE /* Build configuration list for PBXNativeTarget "Week_1_Practice" */;
			buildPhases = (
				D6A9A47A1636893D009AC6AE /* Sources */,
				D6A9A47B1636893D009AC6AE /* Frameworks */,
				D6A9A47C1636893D009AC6AE /* Resources */,
			);
			buildRules = (
			);
			dependencies = (
			);
			name = Week_1_Practice;
			productName = Week_1_Practice;
			productReference = D6A9A47E1636893D009AC6AE /* Week_1_Practice.app */;
			productType = "com.apple.product-type.application";
		};
/* End PBXNativeTarget section */

/* Begin PBXProject section */
		D6A9A4751636893D009AC6AE /* Project object */ = {
			isa = PBXProject;
			attributes = {
				LastUpgradeCheck = 0450;
				ORGANIZATIONNAME = "Cory Green";
			};
			buildConfigurationList = D6A9A4781636893D009AC6AE /* Build configuration list for PBXProject "Week_1_Practice" */;
			compatibilityVersion = "Xcode 3.2";
			developmentRegion = English;
			hasScannedForEncodings = 0;
			knownRegions = (
				en,
			);
			mainGroup = D6A9A4731636893D009AC6AE;
			productRefGroup = D6A9A47F1636893D009AC6AE /* Products */;
			projectDirPath = "";
			projectRoot = "";
			targets = (
				D6A9A47D1636893D009AC6AE /* Week_1_Practice */,
			);
		};
/* End PBXProject section */

/* Begin PBXResourcesBuildPhase section */
		D6A9A47C1636893D009AC6AE /* Resources */ = {
			isa = PBXResourcesBuildPhase;
			buildActionMask = 2147483647;
			files = (
				D6A9A48D1636893D009AC6AE /* InfoPlist.strings in Resources */,
				D6A9A4951636893D009AC6AE /* Default.png in Resources */,
				D6A9A4971636893D009AC6AE /* Default@2x.png in Resources */,
				D6A9A4991636893D009AC6AE /* Default-568h@2x.png in Resources */,
				D6A9A49F1636893D009AC6AE /* ViewController.xib in Resources */,
			);
			runOnlyForDeploymentPostprocessing = 0;
		};
/* End PBXResourcesBuildPhase section */

/* Begin PBXSourcesBuildPhase section */
		D6A9A47A1636893D009AC6AE /* Sources */ = {
			isa = PBXSourcesBuildPhase;
			buildActionMask = 2147483647;
			files = (
				D6A9A48F1636893D009AC6AE /* main.m in Sources */,
				D6A9A4931636893D009AC6AE /* AppDelegate.m in Sources */,
				D6A9A49C1636893D009AC6AE /* ViewController.m in Sources */,
			);
			runOnlyForDeploymentPostprocessing = 0;
		};
/* End PBXSourcesBuildPhase section */

/* Begin PBXVariantGroup section */
		D6A9A48B1636893D009AC6AE /* InfoPlist.strings */ = {
			isa = PBXVariantGroup;
			children = (
				D6A9A48C1636893D009AC6AE /* en */,
			);
			name = InfoPlist.strings;
			sourceTree = "<group>";
		};
		D6A9A49D1636893D009AC6AE /* ViewController.xib */ = {
			isa = PBXVariantGroup;
			children = (
				D6A9A49E1636893D009AC6AE /* en */,
			);
			name = ViewController.xib;
			sourceTree = "<group>";
		};
/* End PBXVariantGroup section */

/* Begin XCBuildConfiguration section */
		D6A9A4A01636893D009AC6AE /* Debug */ = {
			isa = XCBuildConfiguration;
			buildSettings = {
				ALWAYS_SEARCH_USER_PATHS = NO;
				CLANG_CXX_LANGUAGE_STANDARD = "gnu++0x";
				CLANG_CXX_LIBRARY = "libc++";
				CLANG_WARN_EMPTY_BODY = YES;
				CLANG_WARN__DUPLICATE_METHOD_MATCH = YES;
				"CODE_SIGN_IDENTITY[sdk=iphoneos*]" = "iPhone Developer";
				COPY_PHASE_STRIP = NO;
				GCC_C_LANGUAGE_STANDARD = gnu99;
				GCC_DYNAMIC_NO_PIC = NO;
				GCC_OPTIMIZATION_LEVEL = 0;
				GCC_PREPROCESSOR_DEFINITIONS = (
					"DEBUG=1",
					"$(inherited)",
				);
				GCC_SYMBOLS_PRIVATE_EXTERN = NO;
				GCC_WARN_ABOUT_RETURN_TYPE = YES;
				GCC_WARN_UNINITIALIZED_AUTOS = YES;
				GCC_WARN_UNUSED_VARIABLE = YES;
				IPHONEOS_DEPLOYMENT_TARGET = 6.0;
				ONLY_ACTIVE_ARCH = YES;
				SDKROOT = iphoneos;
			};
			name = Debug;
		};
		D6A9A4A11636893D009AC6AE /* Release */ = {
			isa = XCBuildConfiguration;
			buildSettings = {
				ALWAYS_SEARCH_USER_PATHS = NO;
				CLANG_CXX_LANGUAGE_STANDARD = "gnu++0x";
				CLANG_CXX_LIBRARY = "libc++";
				CLANG_WARN_EMPTY_BODY = YES;
				CLANG_WARN__DUPLICATE_METHOD_MATCH = YES;
				"CODE_SIGN_IDENTITY[sdk=iphoneos*]" = "iPhone Developer";
				COPY_PHASE_STRIP = YES;
				GCC_C_LANGUAGE_STANDARD = gnu99;
				GCC_WARN_ABOUT_RETURN_TYPE = YES;
				GCC_WARN_UNINITIALIZED_AUTOS = YES;
				GCC_WARN_UNUSED_VARIABLE = YES;
				IPHONEOS_DEPLOYMENT_TARGET = 6.0;
				OTHER_CFLAGS = "-DNS_BLOCK_ASSERTIONS=1";
				SDKROOT = iphoneos;
				VALIDATE_PRODUCT = YES;
			};
			name = Release;
		};
		D6A9A4A31636893D009AC6AE /* Debug */ = {
			isa = XCBuildConfiguration;
			buildSettings = {
				GCC_PRECOMPILE_PREFIX_HEADER = YES;
				GCC_PREFIX_HEADER = "Week_1_Practice/Week_1_Practice-Prefix.pch";
				INFOPLIST_FILE = "Week_1_Practice/Week_1_Practice-Info.plist";
				PRODUCT_NAME = "$(TARGET_NAME)";
				WRAPPER_EXTENSION = app;
			};
			name = Debug;
		};
		D6A9A4A41636893D009AC6AE /* Release */ = {
			isa = XCBuildConfiguration;
			buildSettings = {
				GCC_PRECOMPILE_PREFIX_HEADER = YES;
				GCC_PREFIX_HEADER = "Week_1_Practice/Week_1_Practice-Prefix.pch";
				INFOPLIST_FILE = "Week_1_Practice/Week_1_Practice-Info.plist";
				PRODUCT_NAME = "$(TARGET_NAME)";
				WRAPPER_EXTENSION = app;
			};
			name = Release;
		};
/* End XCBuildConfiguration section */

/* Begin XCConfigurationList section */
		D6A9A4781636893D009AC6AE /* Build configuration list for PBXProject "Week_1_Practice" */ = {
			isa = XCConfigurationList;
			buildConfigurations = (
				D6A9A4A01636893D009AC6AE /* Debug */,
				D6A9A4A11636893D009AC6AE /* Release */,
			);
			defaultConfigurationIsVisible = 0;
			defaultConfigurationName = Release;
		};
		D6A9A4A21636893D009AC6AE /* Build configuration list for PBXNativeTarget "Week_1_Practice" */ = {
			isa = XCConfigurationList;
			buildConfigurations = (
				D6A9A4A31636893D009AC6AE /* Debug */,
				D6A9A4A41636893D009AC6AE /* Release */,
			);
			defaultConfigurationIsVisible = 0;
		};
/* End XCConfigurationList section */
	};
	rootObject = D6A9A4751636893D009AC6AE /* Project object */;
}
