// !$*UTF8*$!
{
	archiveVersion = 1;
	classes = {
	};
	objectVersion = 46;
	objects = {

/* Begin PBXBuildFile section */
		D66B45CC163A6D7A008CFA30 /* UIKit.framework in Frameworks */ = {isa = PBXBuildFile; fileRef = D66B45CB163A6D7A008CFA30 /* UIKit.framework */; };
		D66B45CE163A6D7A008CFA30 /* Foundation.framework in Frameworks */ = {isa = PBXBuildFile; fileRef = D66B45CD163A6D7A008CFA30 /* Foundation.framework */; };
		D66B45D0163A6D7A008CFA30 /* CoreGraphics.framework in Frameworks */ = {isa = PBXBuildFile; fileRef = D66B45CF163A6D7A008CFA30 /* CoreGraphics.framework */; };
		D66B45D6163A6D7A008CFA30 /* InfoPlist.strings in Resources */ = {isa = PBXBuildFile; fileRef = D66B45D4163A6D7A008CFA30 /* InfoPlist.strings */; };
		D66B45D8163A6D7A008CFA30 /* main.m in Sources */ = {isa = PBXBuildFile; fileRef = D66B45D7163A6D7A008CFA30 /* main.m */; };
		D66B45DC163A6D7A008CFA30 /* AppDelegate.m in Sources */ = {isa = PBXBuildFile; fileRef = D66B45DB163A6D7A008CFA30 /* AppDelegate.m */; };
		D66B45DE163A6D7A008CFA30 /* Default.png in Resources */ = {isa = PBXBuildFile; fileRef = D66B45DD163A6D7A008CFA30 /* Default.png */; };
		D66B45E0163A6D7A008CFA30 /* Default@2x.png in Resources */ = {isa = PBXBuildFile; fileRef = D66B45DF163A6D7A008CFA30 /* Default@2x.png */; };
		D66B45E2163A6D7A008CFA30 /* Default-568h@2x.png in Resources */ = {isa = PBXBuildFile; fileRef = D66B45E1163A6D7A008CFA30 /* Default-568h@2x.png */; };
		D66B45E5163A6D7A008CFA30 /* ViewController.m in Sources */ = {isa = PBXBuildFile; fileRef = D66B45E4163A6D7A008CFA30 /* ViewController.m */; };
		D66B45E8163A6D7A008CFA30 /* ViewController.xib in Resources */ = {isa = PBXBuildFile; fileRef = D66B45E6163A6D7A008CFA30 /* ViewController.xib */; };
		D66B45F0163A6D97008CFA30 /* BaseGuitarClass.m in Sources */ = {isa = PBXBuildFile; fileRef = D66B45EF163A6D97008CFA30 /* BaseGuitarClass.m */; };
		D66B45FF163A7D57008CFA30 /* Jackson.m in Sources */ = {isa = PBXBuildFile; fileRef = D66B45FE163A7D57008CFA30 /* Jackson.m */; };
/* End PBXBuildFile section */

/* Begin PBXFileReference section */
		D66B45C7163A6D7A008CFA30 /* Week_1_project_take2.app */ = {isa = PBXFileReference; explicitFileType = wrapper.application; includeInIndex = 0; path = Week_1_project_take2.app; sourceTree = BUILT_PRODUCTS_DIR; };
		D66B45CB163A6D7A008CFA30 /* UIKit.framework */ = {isa = PBXFileReference; lastKnownFileType = wrapper.framework; name = UIKit.framework; path = System/Library/Frameworks/UIKit.framework; sourceTree = SDKROOT; };
		D66B45CD163A6D7A008CFA30 /* Foundation.framework */ = {isa = PBXFileReference; lastKnownFileType = wrapper.framework; name = Foundation.framework; path = System/Library/Frameworks/Foundation.framework; sourceTree = SDKROOT; };
		D66B45CF163A6D7A008CFA30 /* CoreGraphics.framework */ = {isa = PBXFileReference; lastKnownFileType = wrapper.framework; name = CoreGraphics.framework; path = System/Library/Frameworks/CoreGraphics.framework; sourceTree = SDKROOT; };
		D66B45D3163A6D7A008CFA30 /* Week_1_project_take2-Info.plist */ = {isa = PBXFileReference; lastKnownFileType = text.plist.xml; path = "Week_1_project_take2-Info.plist"; sourceTree = "<group>"; };
		D66B45D5163A6D7A008CFA30 /* en */ = {isa = PBXFileReference; lastKnownFileType = text.plist.strings; name = en; path = en.lproj/InfoPlist.strings; sourceTree = "<group>"; };
		D66B45D7163A6D7A008CFA30 /* main.m */ = {isa = PBXFileReference; lastKnownFileType = sourcecode.c.objc; path = main.m; sourceTree = "<group>"; };
		D66B45D9163A6D7A008CFA30 /* Week_1_project_take2-Prefix.pch */ = {isa = PBXFileReference; lastKnownFileType = sourcecode.c.h; path = "Week_1_project_take2-Prefix.pch"; sourceTree = "<group>"; };
		D66B45DA163A6D7A008CFA30 /* AppDelegate.h */ = {isa = PBXFileReference; lastKnownFileType = sourcecode.c.h; path = AppDelegate.h; sourceTree = "<group>"; };
		D66B45DB163A6D7A008CFA30 /* AppDelegate.m */ = {isa = PBXFileReference; lastKnownFileType = sourcecode.c.objc; path = AppDelegate.m; sourceTree = "<group>"; };
		D66B45DD163A6D7A008CFA30 /* Default.png */ = {isa = PBXFileReference; lastKnownFileType = image.png; path = Default.png; sourceTree = "<group>"; };
		D66B45DF163A6D7A008CFA30 /* Default@2x.png */ = {isa = PBXFileReference; lastKnownFileType = image.png; path = "Default@2x.png"; sourceTree = "<group>"; };
		D66B45E1163A6D7A008CFA30 /* Default-568h@2x.png */ = {isa = PBXFileReference; lastKnownFileType = image.png; path = "Default-568h@2x.png"; sourceTree = "<group>"; };
		D66B45E3163A6D7A008CFA30 /* ViewController.h */ = {isa = PBXFileReference; lastKnownFileType = sourcecode.c.h; path = ViewController.h; sourceTree = "<group>"; };
		D66B45E4163A6D7A008CFA30 /* ViewController.m */ = {isa = PBXFileReference; lastKnownFileType = sourcecode.c.objc; path = ViewController.m; sourceTree = "<group>"; };
		D66B45E7163A6D7A008CFA30 /* en */ = {isa = PBXFileReference; lastKnownFileType = file.xib; name = en; path = en.lproj/ViewController.xib; sourceTree = "<group>"; };
		D66B45EE163A6D97008CFA30 /* BaseGuitarClass.h */ = {isa = PBXFileReference; fileEncoding = 4; lastKnownFileType = sourcecode.c.h; path = BaseGuitarClass.h; sourceTree = "<group>"; };
		D66B45EF163A6D97008CFA30 /* BaseGuitarClass.m */ = {isa = PBXFileReference; fileEncoding = 4; lastKnownFileType = sourcecode.c.objc; path = BaseGuitarClass.m; sourceTree = "<group>"; };
		D66B45FD163A7D57008CFA30 /* Jackson.h */ = {isa = PBXFileReference; fileEncoding = 4; lastKnownFileType = sourcecode.c.h; path = Jackson.h; sourceTree = "<group>"; };
		D66B45FE163A7D57008CFA30 /* Jackson.m */ = {isa = PBXFileReference; fileEncoding = 4; lastKnownFileType = sourcecode.c.objc; path = Jackson.m; sourceTree = "<group>"; };
/* End PBXFileReference section */

/* Begin PBXFrameworksBuildPhase section */
		D66B45C4163A6D7A008CFA30 /* Frameworks */ = {
			isa = PBXFrameworksBuildPhase;
			buildActionMask = 2147483647;
			files = (
				D66B45CC163A6D7A008CFA30 /* UIKit.framework in Frameworks */,
				D66B45CE163A6D7A008CFA30 /* Foundation.framework in Frameworks */,
				D66B45D0163A6D7A008CFA30 /* CoreGraphics.framework in Frameworks */,
			);
			runOnlyForDeploymentPostprocessing = 0;
		};
/* End PBXFrameworksBuildPhase section */

/* Begin PBXGroup section */
		D66B45BC163A6D7A008CFA30 = {
			isa = PBXGroup;
			children = (
				D66B45D1163A6D7A008CFA30 /* Week_1_project_take2 */,
				D66B45CA163A6D7A008CFA30 /* Frameworks */,
				D66B45C8163A6D7A008CFA30 /* Products */,
			);
			sourceTree = "<group>";
		};
		D66B45C8163A6D7A008CFA30 /* Products */ = {
			isa = PBXGroup;
			children = (
				D66B45C7163A6D7A008CFA30 /* Week_1_project_take2.app */,
			);
			name = Products;
			sourceTree = "<group>";
		};
		D66B45CA163A6D7A008CFA30 /* Frameworks */ = {
			isa = PBXGroup;
			children = (
				D66B45CB163A6D7A008CFA30 /* UIKit.framework */,
				D66B45CD163A6D7A008CFA30 /* Foundation.framework */,
				D66B45CF163A6D7A008CFA30 /* CoreGraphics.framework */,
			);
			name = Frameworks;
			sourceTree = "<group>";
		};
		D66B45D1163A6D7A008CFA30 /* Week_1_project_take2 */ = {
			isa = PBXGroup;
			children = (
				D66B45DA163A6D7A008CFA30 /* AppDelegate.h */,
				D66B45DB163A6D7A008CFA30 /* AppDelegate.m */,
				D66B45E3163A6D7A008CFA30 /* ViewController.h */,
				D66B45E4163A6D7A008CFA30 /* ViewController.m */,
				D66B45E6163A6D7A008CFA30 /* ViewController.xib */,
				D66B45D2163A6D7A008CFA30 /* Supporting Files */,
				D66B45EE163A6D97008CFA30 /* BaseGuitarClass.h */,
				D66B45EF163A6D97008CFA30 /* BaseGuitarClass.m */,
				D66B45FD163A7D57008CFA30 /* Jackson.h */,
				D66B45FE163A7D57008CFA30 /* Jackson.m */,
			);
			path = Week_1_project_take2;
			sourceTree = "<group>";
		};
		D66B45D2163A6D7A008CFA30 /* Supporting Files */ = {
			isa = PBXGroup;
			children = (
				D66B45D3163A6D7A008CFA30 /* Week_1_project_take2-Info.plist */,
				D66B45D4163A6D7A008CFA30 /* InfoPlist.strings */,
				D66B45D7163A6D7A008CFA30 /* main.m */,
				D66B45D9163A6D7A008CFA30 /* Week_1_project_take2-Prefix.pch */,
				D66B45DD163A6D7A008CFA30 /* Default.png */,
				D66B45DF163A6D7A008CFA30 /* Default@2x.png */,
				D66B45E1163A6D7A008CFA30 /* Default-568h@2x.png */,
			);
			name = "Supporting Files";
			sourceTree = "<group>";
		};
/* End PBXGroup section */

/* Begin PBXNativeTarget section */
		D66B45C6163A6D7A008CFA30 /* Week_1_project_take2 */ = {
			isa = PBXNativeTarget;
			buildConfigurationList = D66B45EB163A6D7A008CFA30 /* Build configuration list for PBXNativeTarget "Week_1_project_take2" */;
			buildPhases = (
				D66B45C3163A6D7A008CFA30 /* Sources */,
				D66B45C4163A6D7A008CFA30 /* Frameworks */,
				D66B45C5163A6D7A008CFA30 /* Resources */,
			);
			buildRules = (
			);
			dependencies = (
			);
			name = Week_1_project_take2;
			productName = Week_1_project_take2;
			productReference = D66B45C7163A6D7A008CFA30 /* Week_1_project_take2.app */;
			productType = "com.apple.product-type.application";
		};
/* End PBXNativeTarget section */

/* Begin PBXProject section */
		D66B45BE163A6D7A008CFA30 /* Project object */ = {
			isa = PBXProject;
			attributes = {
				LastUpgradeCheck = 0450;
				ORGANIZATIONNAME = "Cory Green";
			};
			buildConfigurationList = D66B45C1163A6D7A008CFA30 /* Build configuration list for PBXProject "Week_1_project_take2" */;
			compatibilityVersion = "Xcode 3.2";
			developmentRegion = English;
			hasScannedForEncodings = 0;
			knownRegions = (
				en,
			);
			mainGroup = D66B45BC163A6D7A008CFA30;
			productRefGroup = D66B45C8163A6D7A008CFA30 /* Products */;
			projectDirPath = "";
			projectRoot = "";
			targets = (
				D66B45C6163A6D7A008CFA30 /* Week_1_project_take2 */,
			);
		};
/* End PBXProject section */

/* Begin PBXResourcesBuildPhase section */
		D66B45C5163A6D7A008CFA30 /* Resources */ = {
			isa = PBXResourcesBuildPhase;
			buildActionMask = 2147483647;
			files = (
				D66B45D6163A6D7A008CFA30 /* InfoPlist.strings in Resources */,
				D66B45DE163A6D7A008CFA30 /* Default.png in Resources */,
				D66B45E0163A6D7A008CFA30 /* Default@2x.png in Resources */,
				D66B45E2163A6D7A008CFA30 /* Default-568h@2x.png in Resources */,
				D66B45E8163A6D7A008CFA30 /* ViewController.xib in Resources */,
			);
			runOnlyForDeploymentPostprocessing = 0;
		};
/* End PBXResourcesBuildPhase section */

/* Begin PBXSourcesBuildPhase section */
		D66B45C3163A6D7A008CFA30 /* Sources */ = {
			isa = PBXSourcesBuildPhase;
			buildActionMask = 2147483647;
			files = (
				D66B45D8163A6D7A008CFA30 /* main.m in Sources */,
				D66B45DC163A6D7A008CFA30 /* AppDelegate.m in Sources */,
				D66B45E5163A6D7A008CFA30 /* ViewController.m in Sources */,
				D66B45F0163A6D97008CFA30 /* BaseGuitarClass.m in Sources */,
				D66B45FF163A7D57008CFA30 /* Jackson.m in Sources */,
			);
			runOnlyForDeploymentPostprocessing = 0;
		};
/* End PBXSourcesBuildPhase section */

/* Begin PBXVariantGroup section */
		D66B45D4163A6D7A008CFA30 /* InfoPlist.strings */ = {
			isa = PBXVariantGroup;
			children = (
				D66B45D5163A6D7A008CFA30 /* en */,
			);
			name = InfoPlist.strings;
			sourceTree = "<group>";
		};
		D66B45E6163A6D7A008CFA30 /* ViewController.xib */ = {
			isa = PBXVariantGroup;
			children = (
				D66B45E7163A6D7A008CFA30 /* en */,
			);
			name = ViewController.xib;
			sourceTree = "<group>";
		};
/* End PBXVariantGroup section */

/* Begin XCBuildConfiguration section */
		D66B45E9163A6D7A008CFA30 /* Debug */ = {
			isa = XCBuildConfiguration;
			buildSettings = {
				ALWAYS_SEARCH_USER_PATHS = NO;
				CLANG_CXX_LANGUAGE_STANDARD = "gnu++0x";
				CLANG_CXX_LIBRARY = "libc++";
				CLANG_WARN_EMPTY_BODY = YES;
				CLANG_WARN__DUPLICATE_METHOD_MATCH = YES;
				"CODE_SIGN_IDENTITY[sdk=iphoneos*]" = "iPhone Developer";
				COPY_PHASE_STRIP = NO;
				GCC_C_LANGUAGE_STANDARD = gnu99;
				GCC_DYNAMIC_NO_PIC = NO;
				GCC_OPTIMIZATION_LEVEL = 0;
				GCC_PREPROCESSOR_DEFINITIONS = (
					"DEBUG=1",
					"$(inherited)",
				);
				GCC_SYMBOLS_PRIVATE_EXTERN = NO;
				GCC_WARN_ABOUT_RETURN_TYPE = YES;
				GCC_WARN_UNINITIALIZED_AUTOS = YES;
				GCC_WARN_UNUSED_VARIABLE = YES;
				IPHONEOS_DEPLOYMENT_TARGET = 6.0;
				ONLY_ACTIVE_ARCH = YES;
				SDKROOT = iphoneos;
			};
			name = Debug;
		};
		D66B45EA163A6D7A008CFA30 /* Release */ = {
			isa = XCBuildConfiguration;
			buildSettings = {
				ALWAYS_SEARCH_USER_PATHS = NO;
				CLANG_CXX_LANGUAGE_STANDARD = "gnu++0x";
				CLANG_CXX_LIBRARY = "libc++";
				CLANG_WARN_EMPTY_BODY = YES;
				CLANG_WARN__DUPLICATE_METHOD_MATCH = YES;
				"CODE_SIGN_IDENTITY[sdk=iphoneos*]" = "iPhone Developer";
				COPY_PHASE_STRIP = YES;
				GCC_C_LANGUAGE_STANDARD = gnu99;
				GCC_WARN_ABOUT_RETURN_TYPE = YES;
				GCC_WARN_UNINITIALIZED_AUTOS = YES;
				GCC_WARN_UNUSED_VARIABLE = YES;
				IPHONEOS_DEPLOYMENT_TARGET = 6.0;
				OTHER_CFLAGS = "-DNS_BLOCK_ASSERTIONS=1";
				SDKROOT = iphoneos;
				VALIDATE_PRODUCT = YES;
			};
			name = Release;
		};
		D66B45EC163A6D7A008CFA30 /* Debug */ = {
			isa = XCBuildConfiguration;
			buildSettings = {
				GCC_PRECOMPILE_PREFIX_HEADER = YES;
				GCC_PREFIX_HEADER = "Week_1_project_take2/Week_1_project_take2-Prefix.pch";
				INFOPLIST_FILE = "Week_1_project_take2/Week_1_project_take2-Info.plist";
				PRODUCT_NAME = "$(TARGET_NAME)";
				WRAPPER_EXTENSION = app;
			};
			name = Debug;
		};
		D66B45ED163A6D7A008CFA30 /* Release */ = {
			isa = XCBuildConfiguration;
			buildSettings = {
				GCC_PRECOMPILE_PREFIX_HEADER = YES;
				GCC_PREFIX_HEADER = "Week_1_project_take2/Week_1_project_take2-Prefix.pch";
				INFOPLIST_FILE = "Week_1_project_take2/Week_1_project_take2-Info.plist";
				PRODUCT_NAME = "$(TARGET_NAME)";
				WRAPPER_EXTENSION = app;
			};
			name = Release;
		};
/* End XCBuildConfiguration section */

/* Begin XCConfigurationList section */
		D66B45C1163A6D7A008CFA30 /* Build configuration list for PBXProject "Week_1_project_take2" */ = {
			isa = XCConfigurationList;
			buildConfigurations = (
				D66B45E9163A6D7A008CFA30 /* Debug */,
				D66B45EA163A6D7A008CFA30 /* Release */,
			);
			defaultConfigurationIsVisible = 0;
			defaultConfigurationName = Release;
		};
		D66B45EB163A6D7A008CFA30 /* Build configuration list for PBXNativeTarget "Week_1_project_take2" */ = {
			isa = XCConfigurationList;
			buildConfigurations = (
				D66B45EC163A6D7A008CFA30 /* Debug */,
				D66B45ED163A6D7A008CFA30 /* Release */,
			);
			defaultConfigurationIsVisible = 0;
		};
/* End XCConfigurationList section */
	};
	rootObject = D66B45BE163A6D7A008CFA30 /* Project object */;
}
